{
    "version": 3,
    "terraform_version": "0.11.7",
    "serial": 2,
    "lineage": "14add038-fa86-7fdc-0c7b-af1a71851162",
    "modules": [
        {
            "path": [
                "root"
            ],
            "outputs": {
                "aws_elb_public_dns": {
                    "sensitive": false,
                    "type": "string",
                    "value": "nginx-elb-1991816104.us-east-1.elb.amazonaws.com"
                }
            },
            "resources": {
                "aws_elb.web": {
                    "type": "aws_elb",
                    "depends_on": [
                        "aws_instance.nginx1",
                        "aws_instance.nginx2",
                        "aws_security_group.elb-sg",
                        "aws_subnet.subnet1",
                        "aws_subnet.subnet2"
                    ],
                    "primary": {
                        "id": "nginx-elb",
                        "attributes": {
                            "access_logs.#": "0",
                            "arn": "arn:aws:elasticloadbalancing:us-east-1:709596356054:loadbalancer/nginx-elb",
                            "availability_zones.#": "2",
                            "availability_zones.1305112097": "us-east-1b",
                            "availability_zones.3569565595": "us-east-1a",
                            "connection_draining": "false",
                            "connection_draining_timeout": "300",
                            "cross_zone_load_balancing": "true",
                            "dns_name": "nginx-elb-1991816104.us-east-1.elb.amazonaws.com",
                            "health_check.#": "1",
                            "health_check.0.healthy_threshold": "10",
                            "health_check.0.interval": "30",
                            "health_check.0.target": "TCP:80",
                            "health_check.0.timeout": "5",
                            "health_check.0.unhealthy_threshold": "2",
                            "id": "nginx-elb",
                            "idle_timeout": "60",
                            "instances.#": "2",
                            "instances.2940192371": "i-0b0de364567f88b57",
                            "instances.601538526": "i-02647755fc8354503",
                            "internal": "false",
                            "listener.#": "1",
                            "listener.3057123346.instance_port": "80",
                            "listener.3057123346.instance_protocol": "http",
                            "listener.3057123346.lb_port": "80",
                            "listener.3057123346.lb_protocol": "http",
                            "listener.3057123346.ssl_certificate_id": "",
                            "name": "nginx-elb",
                            "security_groups.#": "1",
                            "security_groups.450501759": "sg-6a58ba22",
                            "source_security_group": "709596356054/nginx_elb_sg",
                            "source_security_group_id": "sg-6a58ba22",
                            "subnets.#": "2",
                            "subnets.2627471718": "subnet-41b54e26",
                            "subnets.3731001862": "subnet-05ad592b",
                            "tags.%": "3",
                            "tags.BillingCode": "KNOT_KNULL_PLC_110011",
                            "tags.Environment": "dev",
                            "tags.Name": "dev-elb",
                            "zone_id": "Z35SXDOTRQ7X7K"
                        },
                        "meta": {},
                        "tainted": false
                    },
                    "deposed": [],
                    "provider": "provider.aws"
                },
                "aws_iam_access_key.write_user": {
                    "type": "aws_iam_access_key",
                    "depends_on": [
                        "aws_iam_user.write_user"
                    ],
                    "primary": {
                        "id": "AKIAJXKIOICZA2UYB7KA",
                        "attributes": {
                            "id": "AKIAJXKIOICZA2UYB7KA",
                            "secret": "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",
                            "ses_smtp_password": "AmryFbKbnmo0MFotBHaXDMdGFt7KevrBgjDaUqzVISl1",
                            "status": "Active",
                            "user": "dev-s3-write-user"
                        },
                        "meta": {},
                        "tainted": false
                    },
                    "deposed": [],
                    "provider": "provider.aws"
                },
                "aws_iam_user.write_user": {
                    "type": "aws_iam_user",
                    "depends_on": [],
                    "primary": {
                        "id": "dev-s3-write-user",
                        "attributes": {
                            "arn": "arn:aws:iam::709596356054:user/dev-s3-write-user",
                            "force_destroy": "true",
                            "id": "dev-s3-write-user",
                            "name": "dev-s3-write-user",
                            "path": "/",
                            "unique_id": "AIDAIP4IPST7G3SQT4EE6"
                        },
                        "meta": {},
                        "tainted": false
                    },
                    "deposed": [],
                    "provider": "provider.aws"
                },
                "aws_iam_user_policy.write_user_pol": {
                    "type": "aws_iam_user_policy",
                    "depends_on": [
                        "aws_iam_user.write_user"
                    ],
                    "primary": {
                        "id": "dev-s3-write-user:write",
                        "attributes": {
                            "id": "dev-s3-write-user:write",
                            "name": "write",
                            "policy": "{\n    \"Version\": \"2012-10-17\",\n    \"Statement\": [\n        {\n            \"Effect\": \"Allow\",\n            \"Action\": \"s3:*\",\n            \"Resource\": [\n                \"arn:aws:s3:::dev-iamwhatiam-s3-test\",\n                \"arn:aws:s3:::dev-iamwhatiam-s3-test/*\"\n            ]\n        }\n   ]\n}\n",
                            "user": "dev-s3-write-user"
                        },
                        "meta": {},
                        "tainted": false
                    },
                    "deposed": [],
                    "provider": "provider.aws"
                },
                "aws_instance.nginx1": {
                    "type": "aws_instance",
                    "depends_on": [
                        "aws_iam_access_key.write_user",
                        "aws_s3_bucket.web_bucket",
                        "aws_security_group.nginx-sg",
                        "aws_subnet.subnet1"
                    ],
                    "primary": {
                        "id": "i-0b0de364567f88b57",
                        "attributes": {
                            "ami": "ami-c58c1dd3",
                            "associate_public_ip_address": "true",
                            "availability_zone": "us-east-1a",
                            "credit_specification.#": "1",
                            "credit_specification.0.cpu_credits": "standard",
                            "disable_api_termination": "false",
                            "ebs_block_device.#": "0",
                            "ebs_optimized": "false",
                            "ephemeral_block_device.#": "0",
                            "get_password_data": "false",
                            "iam_instance_profile": "",
                            "id": "i-0b0de364567f88b57",
                            "instance_state": "running",
                            "instance_type": "t2.micro",
                            "ipv6_addresses.#": "0",
                            "key_name": "Terraform_key",
                            "monitoring": "false",
                            "network_interface.#": "0",
                            "network_interface_id": "eni-c5f6b546",
                            "password_data": "",
                            "placement_group": "",
                            "primary_network_interface_id": "eni-c5f6b546",
                            "private_dns": "ip-10-1-0-225.ec2.internal",
                            "private_ip": "10.1.0.225",
                            "public_dns": "",
                            "public_ip": "18.206.90.69",
                            "root_block_device.#": "1",
                            "root_block_device.0.delete_on_termination": "true",
                            "root_block_device.0.iops": "100",
                            "root_block_device.0.volume_id": "vol-0a973adbf05b8712f",
                            "root_block_device.0.volume_size": "8",
                            "root_block_device.0.volume_type": "gp2",
                            "security_groups.#": "0",
                            "source_dest_check": "true",
                            "subnet_id": "subnet-41b54e26",
                            "tags.%": "3",
                            "tags.BillingCode": "KNOT_KNULL_PLC_110011",
                            "tags.Environment": "dev",
                            "tags.Name": "dev-nginx1",
                            "tenancy": "default",
                            "volume_tags.%": "0",
                            "vpc_security_group_ids.#": "1",
                            "vpc_security_group_ids.1411356436": "sg-8352b0cb"
                        },
                        "meta": {
                            "e2bfb730-ecaa-11e6-8f88-34363bc7c4c0": {
                                "create": 600000000000,
                                "delete": 1200000000000,
                                "update": 600000000000
                            },
                            "schema_version": "1"
                        },
                        "tainted": false
                    },
                    "deposed": [],
                    "provider": "provider.aws"
                },
                "aws_instance.nginx2": {
                    "type": "aws_instance",
                    "depends_on": [
                        "aws_iam_access_key.write_user",
                        "aws_s3_bucket.web_bucket",
                        "aws_security_group.nginx-sg",
                        "aws_subnet.subnet2"
                    ],
                    "primary": {
                        "id": "i-02647755fc8354503",
                        "attributes": {
                            "ami": "ami-c58c1dd3",
                            "associate_public_ip_address": "true",
                            "availability_zone": "us-east-1b",
                            "credit_specification.#": "1",
                            "credit_specification.0.cpu_credits": "standard",
                            "disable_api_termination": "false",
                            "ebs_block_device.#": "0",
                            "ebs_optimized": "false",
                            "ephemeral_block_device.#": "0",
                            "get_password_data": "false",
                            "iam_instance_profile": "",
                            "id": "i-02647755fc8354503",
                            "instance_state": "running",
                            "instance_type": "t2.micro",
                            "ipv6_addresses.#": "0",
                            "key_name": "Terraform_key",
                            "monitoring": "false",
                            "network_interface.#": "0",
                            "network_interface_id": "eni-85302810",
                            "password_data": "",
                            "placement_group": "",
                            "primary_network_interface_id": "eni-85302810",
                            "private_dns": "ip-10-1-1-73.ec2.internal",
                            "private_ip": "10.1.1.73",
                            "public_dns": "",
                            "public_ip": "35.170.185.0",
                            "root_block_device.#": "1",
                            "root_block_device.0.delete_on_termination": "true",
                            "root_block_device.0.iops": "100",
                            "root_block_device.0.volume_id": "vol-0346468919750263f",
                            "root_block_device.0.volume_size": "8",
                            "root_block_device.0.volume_type": "gp2",
                            "security_groups.#": "0",
                            "source_dest_check": "true",
                            "subnet_id": "subnet-05ad592b",
                            "tags.%": "3",
                            "tags.BillingCode": "KNOT_KNULL_PLC_110011",
                            "tags.Environment": "dev",
                            "tags.Name": "dev-nginx2",
                            "tenancy": "default",
                            "volume_tags.%": "0",
                            "vpc_security_group_ids.#": "1",
                            "vpc_security_group_ids.1411356436": "sg-8352b0cb"
                        },
                        "meta": {
                            "e2bfb730-ecaa-11e6-8f88-34363bc7c4c0": {
                                "create": 600000000000,
                                "delete": 1200000000000,
                                "update": 600000000000
                            },
                            "schema_version": "1"
                        },
                        "tainted": false
                    },
                    "deposed": [],
                    "provider": "provider.aws"
                },
                "aws_internet_gateway.igw": {
                    "type": "aws_internet_gateway",
                    "depends_on": [
                        "aws_vpc.vpc"
                    ],
                    "primary": {
                        "id": "igw-6388e51b",
                        "attributes": {
                            "id": "igw-6388e51b",
                            "tags.%": "3",
                            "tags.BillingCode": "KNOT_KNULL_PLC_110011",
                            "tags.Environment": "dev",
                            "tags.Name": "dev-igw",
                            "vpc_id": "vpc-c60c55bd"
                        },
                        "meta": {},
                        "tainted": false
                    },
                    "deposed": [],
                    "provider": "provider.aws"
                },
                "aws_route_table.rtb": {
                    "type": "aws_route_table",
                    "depends_on": [
                        "aws_internet_gateway.igw",
                        "aws_vpc.vpc"
                    ],
                    "primary": {
                        "id": "rtb-b1dcddcd",
                        "attributes": {
                            "id": "rtb-b1dcddcd",
                            "propagating_vgws.#": "0",
                            "route.#": "1",
                            "route.4112253964.cidr_block": "0.0.0.0/0",
                            "route.4112253964.egress_only_gateway_id": "",
                            "route.4112253964.gateway_id": "igw-6388e51b",
                            "route.4112253964.instance_id": "",
                            "route.4112253964.ipv6_cidr_block": "",
                            "route.4112253964.nat_gateway_id": "",
                            "route.4112253964.network_interface_id": "",
                            "route.4112253964.vpc_peering_connection_id": "",
                            "tags.%": "3",
                            "tags.BillingCode": "KNOT_KNULL_PLC_110011",
                            "tags.Environment": "dev",
                            "tags.Name": "dev-rtb",
                            "vpc_id": "vpc-c60c55bd"
                        },
                        "meta": {},
                        "tainted": false
                    },
                    "deposed": [],
                    "provider": "provider.aws"
                },
                "aws_route_table_association.rta-subnet1": {
                    "type": "aws_route_table_association",
                    "depends_on": [
                        "aws_route_table.rtb",
                        "aws_subnet.subnet1"
                    ],
                    "primary": {
                        "id": "rtbassoc-171f7368",
                        "attributes": {
                            "id": "rtbassoc-171f7368",
                            "route_table_id": "rtb-b1dcddcd",
                            "subnet_id": "subnet-41b54e26"
                        },
                        "meta": {},
                        "tainted": false
                    },
                    "deposed": [],
                    "provider": "provider.aws"
                },
                "aws_route_table_association.rta-subnet2": {
                    "type": "aws_route_table_association",
                    "depends_on": [
                        "aws_route_table.rtb",
                        "aws_subnet.subnet2"
                    ],
                    "primary": {
                        "id": "rtbassoc-840a66fb",
                        "attributes": {
                            "id": "rtbassoc-840a66fb",
                            "route_table_id": "rtb-b1dcddcd",
                            "subnet_id": "subnet-05ad592b"
                        },
                        "meta": {},
                        "tainted": false
                    },
                    "deposed": [],
                    "provider": "provider.aws"
                },
                "aws_s3_bucket.web_bucket": {
                    "type": "aws_s3_bucket",
                    "depends_on": [
                        "aws_iam_user.write_user"
                    ],
                    "primary": {
                        "id": "dev-iamwhatiam-s3-test",
                        "attributes": {
                            "acceleration_status": "",
                            "acl": "private",
                            "arn": "arn:aws:s3:::dev-iamwhatiam-s3-test",
                            "bucket": "dev-iamwhatiam-s3-test",
                            "bucket_domain_name": "dev-iamwhatiam-s3-test.s3.amazonaws.com",
                            "force_destroy": "true",
                            "hosted_zone_id": "Z3AQBSTGFYJSTF",
                            "id": "dev-iamwhatiam-s3-test",
                            "logging.#": "0",
                            "policy": "{\"Statement\":[{\"Action\":\"s3:GetObject\",\"Effect\":\"Allow\",\"Principal\":{\"AWS\":\"*\"},\"Resource\":\"arn:aws:s3:::dev-iamwhatiam-s3-test/*\",\"Sid\":\"PublicReadForGetBucketObjects\"},{\"Action\":\"s3:*\",\"Effect\":\"Allow\",\"Principal\":{\"AWS\":\"arn:aws:iam::709596356054:user/dev-s3-write-user\"},\"Resource\":[\"arn:aws:s3:::dev-iamwhatiam-s3-test\",\"arn:aws:s3:::dev-iamwhatiam-s3-test/*\"],\"Sid\":\"\"}],\"Version\":\"2008-10-17\"}",
                            "region": "us-east-1",
                            "replication_configuration.#": "0",
                            "request_payer": "BucketOwner",
                            "server_side_encryption_configuration.#": "0",
                            "tags.%": "3",
                            "tags.BillingCode": "KNOT_KNULL_PLC_110011",
                            "tags.Environment": "dev",
                            "tags.Name": "dev-web_bucket",
                            "versioning.#": "1",
                            "versioning.0.enabled": "false",
                            "versioning.0.mfa_delete": "false",
                            "website.#": "0"
                        },
                        "meta": {},
                        "tainted": false
                    },
                    "deposed": [],
                    "provider": "provider.aws"
                },
                "aws_s3_bucket_object.graphic": {
                    "type": "aws_s3_bucket_object",
                    "depends_on": [
                        "aws_s3_bucket.web_bucket"
                    ],
                    "primary": {
                        "id": "/website/Globo_logo_Vert.png",
                        "attributes": {
                            "acl": "private",
                            "bucket": "dev-iamwhatiam-s3-test",
                            "cache_control": "",
                            "content_disposition": "",
                            "content_encoding": "",
                            "content_language": "",
                            "content_type": "binary/octet-stream",
                            "etag": "e687fb69f04d709058ec93b505e8c8ee",
                            "id": "/website/Globo_logo_Vert.png",
                            "key": "/website/Globo_logo_Vert.png",
                            "server_side_encryption": "",
                            "source": "./Globo_logo_Vert.png",
                            "storage_class": "STANDARD",
                            "tags.%": "0",
                            "version_id": "",
                            "website_redirect": ""
                        },
                        "meta": {},
                        "tainted": false
                    },
                    "deposed": [],
                    "provider": "provider.aws"
                },
                "aws_s3_bucket_object.website": {
                    "type": "aws_s3_bucket_object",
                    "depends_on": [
                        "aws_s3_bucket.web_bucket"
                    ],
                    "primary": {
                        "id": "/website/index.html",
                        "attributes": {
                            "acl": "private",
                            "bucket": "dev-iamwhatiam-s3-test",
                            "cache_control": "",
                            "content_disposition": "",
                            "content_encoding": "",
                            "content_language": "",
                            "content_type": "binary/octet-stream",
                            "etag": "8a05fe27b546d37e45793bc5c574ec09",
                            "id": "/website/index.html",
                            "key": "/website/index.html",
                            "server_side_encryption": "",
                            "source": "./index.html",
                            "storage_class": "STANDARD",
                            "tags.%": "0",
                            "version_id": "",
                            "website_redirect": ""
                        },
                        "meta": {},
                        "tainted": false
                    },
                    "deposed": [],
                    "provider": "provider.aws"
                },
                "aws_security_group.elb-sg": {
                    "type": "aws_security_group",
                    "depends_on": [
                        "aws_vpc.vpc"
                    ],
                    "primary": {
                        "id": "sg-6a58ba22",
                        "attributes": {
                            "arn": "arn:aws:ec2:us-east-1:709596356054:security-group/sg-6a58ba22",
                            "description": "Managed by Terraform",
                            "egress.#": "1",
                            "egress.482069346.cidr_blocks.#": "1",
                            "egress.482069346.cidr_blocks.0": "0.0.0.0/0",
                            "egress.482069346.description": "",
                            "egress.482069346.from_port": "0",
                            "egress.482069346.ipv6_cidr_blocks.#": "0",
                            "egress.482069346.prefix_list_ids.#": "0",
                            "egress.482069346.protocol": "-1",
                            "egress.482069346.security_groups.#": "0",
                            "egress.482069346.self": "false",
                            "egress.482069346.to_port": "0",
                            "id": "sg-6a58ba22",
                            "ingress.#": "1",
                            "ingress.2214680975.cidr_blocks.#": "1",
                            "ingress.2214680975.cidr_blocks.0": "0.0.0.0/0",
                            "ingress.2214680975.description": "",
                            "ingress.2214680975.from_port": "80",
                            "ingress.2214680975.ipv6_cidr_blocks.#": "0",
                            "ingress.2214680975.protocol": "tcp",
                            "ingress.2214680975.security_groups.#": "0",
                            "ingress.2214680975.self": "false",
                            "ingress.2214680975.to_port": "80",
                            "name": "nginx_elb_sg",
                            "owner_id": "709596356054",
                            "revoke_rules_on_delete": "false",
                            "tags.%": "3",
                            "tags.BillingCode": "KNOT_KNULL_PLC_110011",
                            "tags.Environment": "dev",
                            "tags.Name": "dev-elb-sg",
                            "vpc_id": "vpc-c60c55bd"
                        },
                        "meta": {
                            "e2bfb730-ecaa-11e6-8f88-34363bc7c4c0": {
                                "create": 600000000000,
                                "delete": 600000000000
                            },
                            "schema_version": "1"
                        },
                        "tainted": false
                    },
                    "deposed": [],
                    "provider": "provider.aws"
                },
                "aws_security_group.nginx-sg": {
                    "type": "aws_security_group",
                    "depends_on": [
                        "aws_vpc.vpc"
                    ],
                    "primary": {
                        "id": "sg-8352b0cb",
                        "attributes": {
                            "arn": "arn:aws:ec2:us-east-1:709596356054:security-group/sg-8352b0cb",
                            "description": "Managed by Terraform",
                            "egress.#": "1",
                            "egress.482069346.cidr_blocks.#": "1",
                            "egress.482069346.cidr_blocks.0": "0.0.0.0/0",
                            "egress.482069346.description": "",
                            "egress.482069346.from_port": "0",
                            "egress.482069346.ipv6_cidr_blocks.#": "0",
                            "egress.482069346.prefix_list_ids.#": "0",
                            "egress.482069346.protocol": "-1",
                            "egress.482069346.security_groups.#": "0",
                            "egress.482069346.self": "false",
                            "egress.482069346.to_port": "0",
                            "id": "sg-8352b0cb",
                            "ingress.#": "2",
                            "ingress.2524386204.cidr_blocks.#": "1",
                            "ingress.2524386204.cidr_blocks.0": "10.1.0.0/16",
                            "ingress.2524386204.description": "",
                            "ingress.2524386204.from_port": "80",
                            "ingress.2524386204.ipv6_cidr_blocks.#": "0",
                            "ingress.2524386204.protocol": "tcp",
                            "ingress.2524386204.security_groups.#": "0",
                            "ingress.2524386204.self": "false",
                            "ingress.2524386204.to_port": "80",
                            "ingress.2541437006.cidr_blocks.#": "1",
                            "ingress.2541437006.cidr_blocks.0": "0.0.0.0/0",
                            "ingress.2541437006.description": "",
                            "ingress.2541437006.from_port": "22",
                            "ingress.2541437006.ipv6_cidr_blocks.#": "0",
                            "ingress.2541437006.protocol": "tcp",
                            "ingress.2541437006.security_groups.#": "0",
                            "ingress.2541437006.self": "false",
                            "ingress.2541437006.to_port": "22",
                            "name": "nginx_sg",
                            "owner_id": "709596356054",
                            "revoke_rules_on_delete": "false",
                            "tags.%": "3",
                            "tags.BillingCode": "KNOT_KNULL_PLC_110011",
                            "tags.Environment": "dev",
                            "tags.Name": "dev-nginx-sg",
                            "vpc_id": "vpc-c60c55bd"
                        },
                        "meta": {
                            "e2bfb730-ecaa-11e6-8f88-34363bc7c4c0": {
                                "create": 600000000000,
                                "delete": 600000000000
                            },
                            "schema_version": "1"
                        },
                        "tainted": false
                    },
                    "deposed": [],
                    "provider": "provider.aws"
                },
                "aws_subnet.subnet1": {
                    "type": "aws_subnet",
                    "depends_on": [
                        "aws_vpc.vpc",
                        "data.aws_availability_zones.available"
                    ],
                    "primary": {
                        "id": "subnet-41b54e26",
                        "attributes": {
                            "assign_ipv6_address_on_creation": "false",
                            "availability_zone": "us-east-1a",
                            "cidr_block": "10.1.0.0/24",
                            "id": "subnet-41b54e26",
                            "map_public_ip_on_launch": "true",
                            "tags.%": "3",
                            "tags.BillingCode": "KNOT_KNULL_PLC_110011",
                            "tags.Environment": "dev",
                            "tags.Name": "dev-subnet1",
                            "vpc_id": "vpc-c60c55bd"
                        },
                        "meta": {
                            "schema_version": "1"
                        },
                        "tainted": false
                    },
                    "deposed": [],
                    "provider": "provider.aws"
                },
                "aws_subnet.subnet2": {
                    "type": "aws_subnet",
                    "depends_on": [
                        "aws_vpc.vpc",
                        "data.aws_availability_zones.available"
                    ],
                    "primary": {
                        "id": "subnet-05ad592b",
                        "attributes": {
                            "assign_ipv6_address_on_creation": "false",
                            "availability_zone": "us-east-1b",
                            "cidr_block": "10.1.1.0/24",
                            "id": "subnet-05ad592b",
                            "map_public_ip_on_launch": "true",
                            "tags.%": "3",
                            "tags.BillingCode": "KNOT_KNULL_PLC_110011",
                            "tags.Environment": "dev",
                            "tags.Name": "dev-subnet2",
                            "vpc_id": "vpc-c60c55bd"
                        },
                        "meta": {
                            "schema_version": "1"
                        },
                        "tainted": false
                    },
                    "deposed": [],
                    "provider": "provider.aws"
                },
                "aws_vpc.vpc": {
                    "type": "aws_vpc",
                    "depends_on": [],
                    "primary": {
                        "id": "vpc-c60c55bd",
                        "attributes": {
                            "assign_generated_ipv6_cidr_block": "false",
                            "cidr_block": "10.1.0.0/16",
                            "default_network_acl_id": "acl-e550ed9f",
                            "default_route_table_id": "rtb-d1dbdaad",
                            "default_security_group_id": "sg-d55fbd9d",
                            "dhcp_options_id": "dopt-a4f902c1",
                            "enable_classiclink": "false",
                            "enable_classiclink_dns_support": "false",
                            "enable_dns_hostnames": "false",
                            "enable_dns_support": "true",
                            "id": "vpc-c60c55bd",
                            "instance_tenancy": "default",
                            "main_route_table_id": "rtb-d1dbdaad",
                            "tags.%": "3",
                            "tags.BillingCode": "KNOT_KNULL_PLC_110011",
                            "tags.Environment": "dev",
                            "tags.Name": "dev-vpc"
                        },
                        "meta": {
                            "schema_version": "1"
                        },
                        "tainted": false
                    },
                    "deposed": [],
                    "provider": "provider.aws"
                },
                "data.aws_availability_zones.available": {
                    "type": "aws_availability_zones",
                    "depends_on": [],
                    "primary": {
                        "id": "2018-05-05 15:15:26.426807347 +0000 UTC",
                        "attributes": {
                            "id": "2018-05-05 15:15:26.426807347 +0000 UTC",
                            "names.#": "6",
                            "names.0": "us-east-1a",
                            "names.1": "us-east-1b",
                            "names.2": "us-east-1c",
                            "names.3": "us-east-1d",
                            "names.4": "us-east-1e",
                            "names.5": "us-east-1f"
                        },
                        "meta": {},
                        "tainted": false
                    },
                    "deposed": [],
                    "provider": "provider.aws"
                }
            },
            "depends_on": []
        }
    ]
}
