{
    "version": 3,
    "terraform_version": "0.11.7",
    "serial": 6,
    "lineage": "4b4642dc-b1ec-fd23-d525-dc8cf8b6a35c",
    "modules": [
        {
            "path": [
                "root"
            ],
            "outputs": {
                "aws_instance_public_dns": {
                    "sensitive": false,
                    "type": "string",
                    "value": "ec2-107-23-221-5.compute-1.amazonaws.com"
                }
            },
            "resources": {
                "aws_instance.nginx": {
                    "type": "aws_instance",
                    "depends_on": [],
                    "primary": {
                        "id": "i-0c74d64bad3620340",
                        "attributes": {
                            "ami": "ami-c58c1dd3",
                            "associate_public_ip_address": "true",
                            "availability_zone": "us-east-1d",
                            "credit_specification.#": "1",
                            "credit_specification.0.cpu_credits": "standard",
                            "disable_api_termination": "false",
                            "ebs_block_device.#": "0",
                            "ebs_optimized": "false",
                            "ephemeral_block_device.#": "0",
                            "get_password_data": "false",
                            "iam_instance_profile": "",
                            "id": "i-0c74d64bad3620340",
                            "instance_state": "running",
                            "instance_type": "t2.micro",
                            "ipv6_addresses.#": "0",
                            "key_name": "Terraform_key",
                            "monitoring": "false",
                            "network_interface.#": "0",
                            "network_interface_id": "eni-d6c5d14f",
                            "password_data": "",
                            "placement_group": "",
                            "primary_network_interface_id": "eni-d6c5d14f",
                            "private_dns": "ip-172-31-30-209.ec2.internal",
                            "private_ip": "172.31.30.209",
                            "public_dns": "ec2-107-23-221-5.compute-1.amazonaws.com",
                            "public_ip": "107.23.221.5",
                            "root_block_device.#": "1",
                            "root_block_device.0.delete_on_termination": "true",
                            "root_block_device.0.iops": "100",
                            "root_block_device.0.volume_id": "vol-096ee93eece2b208c",
                            "root_block_device.0.volume_size": "8",
                            "root_block_device.0.volume_type": "gp2",
                            "security_groups.#": "1",
                            "security_groups.3814588639": "default",
                            "source_dest_check": "true",
                            "subnet_id": "subnet-5469540d",
                            "tags.%": "0",
                            "tenancy": "default",
                            "volume_tags.%": "0",
                            "vpc_security_group_ids.#": "1",
                            "vpc_security_group_ids.3332339967": "sg-ef03fe89"
                        },
                        "meta": {
                            "e2bfb730-ecaa-11e6-8f88-34363bc7c4c0": {
                                "create": 600000000000,
                                "delete": 1200000000000,
                                "update": 600000000000
                            },
                            "schema_version": "1"
                        },
                        "tainted": false
                    },
                    "deposed": [],
                    "provider": "provider.aws"
                }
            },
            "depends_on": []
        }
    ]
}
